
Microsoft Visual Studio Solution File, Format Version 12.00
Project("{FAE04EC0-301F-11D3-BF4B-00C04F79EFBC}") = "InternTask", "InternTask\InternTask.csproj", "{BE86B37D-6A9B-47AB-A440-DC30AD9FF73B}"
EndProject
Global
	GlobalSection(SolutionConfigurationPlatforms) = preSolution
		Debug|Any CPU = Debug|Any CPU
		Release|Any CPU = Release|Any CPU
	EndGlobalSection
	GlobalSection(ProjectConfigurationPlatforms) = postSolution
		{BE86B37D-6A9B-47AB-A440-DC30AD9FF73B}.Debug|Any CPU.ActiveCfg = Debug|Any CPU
		{BE86B37D-6A9B-47AB-A440-DC30AD9FF73B}.Debug|Any CPU.Build.0 = Debug|Any CPU
		{BE86B37D-6A9B-47AB-A440-DC30AD9FF73B}.Release|Any CPU.ActiveCfg = Release|Any CPU
		{BE86B37D-6A9B-47AB-A440-DC30AD9FF73B}.Release|Any CPU.Build.0 = Release|Any CPU
	EndGlobalSection
EndGlobal
